
Microsoft Visual Studio Solution File, Format Version 12.00
# Visual Studio Version 17
VisualStudioVersion = 17.1.32228.430
MinimumVisualStudioVersion = 10.0.40219.1
Project("{FAE04EC0-301F-11D3-BF4B-00C04F79EFBC}") = "TPN6PralongMartin", "TPN6PralongMartin\TPN6PralongMartin.csproj", "{00070532-2FE9-47C2-80A5-28DEE3CC3867}"
EndProject
Global
	GlobalSection(SolutionConfigurationPlatforms) = preSolution
		Debug|Any CPU = Debug|Any CPU
		Release|Any CPU = Release|Any CPU
	EndGlobalSection
	GlobalSection(ProjectConfigurationPlatforms) = postSolution
		{00070532-2FE9-47C2-80A5-28DEE3CC3867}.Debug|Any CPU.ActiveCfg = Debug|Any CPU
		{00070532-2FE9-47C2-80A5-28DEE3CC3867}.Debug|Any CPU.Build.0 = Debug|Any CPU
		{00070532-2FE9-47C2-80A5-28DEE3CC3867}.Release|Any CPU.ActiveCfg = Release|Any CPU
		{00070532-2FE9-47C2-80A5-28DEE3CC3867}.Release|Any CPU.Build.0 = Release|Any CPU
	EndGlobalSection
	GlobalSection(SolutionProperties) = preSolution
		HideSolutionNode = FALSE
	EndGlobalSection
	GlobalSection(ExtensibilityGlobals) = postSolution
		SolutionGuid = {FBAE72D0-7BE8-452F-B3B9-B5106945C41B}
	EndGlobalSection
EndGlobal
